
Microsoft Visual Studio Solution File, Format Version 12.00
# Visual Studio Version 17
VisualStudioVersion = 17.3.32929.385
MinimumVisualStudioVersion = 10.0.40219.1
Project("{FAE04EC0-301F-11D3-BF4B-00C04F79EFBC}") = "CSVHelperDemo", "CSVHelperDemo.csproj", "{BC35EAAA-BBBA-4BA5-84AE-D5429287204E}"
EndProject
Global
	GlobalSection(SolutionConfigurationPlatforms) = preSolution
		Debug|Any CPU = Debug|Any CPU
		Release|Any CPU = Release|Any CPU
	EndGlobalSection
	GlobalSection(ProjectConfigurationPlatforms) = postSolution
		{BC35EAAA-BBBA-4BA5-84AE-D5429287204E}.Debug|Any CPU.ActiveCfg = Debug|Any CPU
		{BC35EAAA-BBBA-4BA5-84AE-D5429287204E}.Debug|Any CPU.Build.0 = Debug|Any CPU
		{BC35EAAA-BBBA-4BA5-84AE-D5429287204E}.Release|Any CPU.ActiveCfg = Release|Any CPU
		{BC35EAAA-BBBA-4BA5-84AE-D5429287204E}.Release|Any CPU.Build.0 = Release|Any CPU
	EndGlobalSection
	GlobalSection(SolutionProperties) = preSolution
		HideSolutionNode = FALSE
	EndGlobalSection
	GlobalSection(ExtensibilityGlobals) = postSolution
		SolutionGuid = {E4F42593-E399-4142-9D48-58443B3F3A52}
	EndGlobalSection
EndGlobal
